// !$*UTF8*$!
{
	archiveVersion = 1;
	classes = {
	};
	objectVersion = 46;
	objects = {

/* Begin PBXBuildFile section */
		1858E4B11B85893A0099DDFE /* ImageIO.framework in Frameworks */ = {isa = PBXBuildFile; fileRef = 1858E4B01B85893A0099DDFE /* ImageIO.framework */; };
		186B5B051B8312720010088A /* AppDelegate.swift in Sources */ = {isa = PBXBuildFile; fileRef = 186B5B041B8312720010088A /* AppDelegate.swift */; };
		186B5B0A1B8312720010088A /* Main.storyboard in Resources */ = {isa = PBXBuildFile; fileRef = 186B5B081B8312720010088A /* Main.storyboard */; };
		186B5B0C1B8312720010088A /* Images.xcassets in Resources */ = {isa = PBXBuildFile; fileRef = 186B5B0B1B8312720010088A /* Images.xcassets */; };
		186B5B0F1B8312720010088A /* LaunchScreen.xib in Resources */ = {isa = PBXBuildFile; fileRef = 186B5B0D1B8312720010088A /* LaunchScreen.xib */; };
		186B5B1B1B8312720010088A /* ChuangDouSwiftTests.swift in Sources */ = {isa = PBXBuildFile; fileRef = 186B5B1A1B8312720010088A /* ChuangDouSwiftTests.swift */; };
		1877AD4A1C0BE71700A810B8 /* BaseViewController.swift in Sources */ = {isa = PBXBuildFile; fileRef = 1877AD491C0BE71700A810B8 /* BaseViewController.swift */; };
		1877AD4E1C0BEDB100A810B8 /* LoginViewController.swift in Sources */ = {isa = PBXBuildFile; fileRef = 1877AD4D1C0BEDB100A810B8 /* LoginViewController.swift */; };
		FE47EF96BBF6EC63A9DA993D /* libPods.a in Frameworks */ = {isa = PBXBuildFile; fileRef = D3B97139BB79B16B170E4A2B /* libPods.a */; };
/* End PBXBuildFile section */

/* Begin PBXContainerItemProxy section */
		186B5B151B8312720010088A /* PBXContainerItemProxy */ = {
			isa = PBXContainerItemProxy;
			containerPortal = 186B5AF71B8312720010088A /* Project object */;
			proxyType = 1;
			remoteGlobalIDString = 186B5AFE1B8312720010088A;
			remoteInfo = ChuangDouSwift;
		};
		18BF1B491B85DB7D00898C3E /* PBXContainerItemProxy */ = {
			isa = PBXContainerItemProxy;
			containerPortal = 18BF1B411B85DB7D00898C3E /* SDWebImage.xcodeproj */;
			proxyType = 2;
			remoteGlobalIDString = 53761325155AD0D5005750A4;
			remoteInfo = SDWebImage;
		};
		18BF1B4B1B85DB7D00898C3E /* PBXContainerItemProxy */ = {
			isa = PBXContainerItemProxy;
			containerPortal = 18BF1B411B85DB7D00898C3E /* SDWebImage.xcodeproj */;
			proxyType = 2;
			remoteGlobalIDString = 537D95C117ECC1FE0097C263;
			remoteInfo = "SDWebImage+WebP";
		};
		18BF1B4D1B85DB7D00898C3E /* PBXContainerItemProxy */ = {
			isa = PBXContainerItemProxy;
			containerPortal = 18BF1B411B85DB7D00898C3E /* SDWebImage.xcodeproj */;
			proxyType = 2;
			remoteGlobalIDString = 531041E0157EAFA400BBABC3;
			remoteInfo = "SDWebImage+MKAnnotation";
		};
		18BF1B4F1B85DB7D00898C3E /* PBXContainerItemProxy */ = {
			isa = PBXContainerItemProxy;
			containerPortal = 18BF1B411B85DB7D00898C3E /* SDWebImage.xcodeproj */;
			proxyType = 2;
			remoteGlobalIDString = 4A2CADFF1AB4BB5300B6BC39;
			remoteInfo = WebImage;
		};
/* End PBXContainerItemProxy section */

/* Begin PBXCopyFilesBuildPhase section */
		186B5B391B8330460010088A /* Embed Frameworks */ = {
			isa = PBXCopyFilesBuildPhase;
			buildActionMask = 2147483647;
			dstPath = "";
			dstSubfolderSpec = 10;
			files = (
			);
			name = "Embed Frameworks";
			runOnlyForDeploymentPostprocessing = 0;
		};
/* End PBXCopyFilesBuildPhase section */

/* Begin PBXFileReference section */
		1858E4B01B85893A0099DDFE /* ImageIO.framework */ = {isa = PBXFileReference; lastKnownFileType = wrapper.framework; name = ImageIO.framework; path = System/Library/Frameworks/ImageIO.framework; sourceTree = SDKROOT; };
		186B5AFF1B8312720010088A /* ChuangDouSwift.app */ = {isa = PBXFileReference; explicitFileType = wrapper.application; includeInIndex = 0; path = ChuangDouSwift.app; sourceTree = BUILT_PRODUCTS_DIR; };
		186B5B031B8312720010088A /* Info.plist */ = {isa = PBXFileReference; lastKnownFileType = text.plist.xml; path = Info.plist; sourceTree = "<group>"; };
		186B5B041B8312720010088A /* AppDelegate.swift */ = {isa = PBXFileReference; lastKnownFileType = sourcecode.swift; path = AppDelegate.swift; sourceTree = "<group>"; };
		186B5B091B8312720010088A /* Base */ = {isa = PBXFileReference; lastKnownFileType = file.storyboard; name = Base; path = Base.lproj/Main.storyboard; sourceTree = "<group>"; };
		186B5B0B1B8312720010088A /* Images.xcassets */ = {isa = PBXFileReference; lastKnownFileType = folder.assetcatalog; path = Images.xcassets; sourceTree = "<group>"; };
		186B5B0E1B8312720010088A /* Base */ = {isa = PBXFileReference; lastKnownFileType = file.xib; name = Base; path = Base.lproj/LaunchScreen.xib; sourceTree = "<group>"; };
		186B5B141B8312720010088A /* ChuangDouSwiftTests.xctest */ = {isa = PBXFileReference; explicitFileType = wrapper.cfbundle; includeInIndex = 0; path = ChuangDouSwiftTests.xctest; sourceTree = BUILT_PRODUCTS_DIR; };
		186B5B191B8312720010088A /* Info.plist */ = {isa = PBXFileReference; lastKnownFileType = text.plist.xml; path = Info.plist; sourceTree = "<group>"; };
		186B5B1A1B8312720010088A /* ChuangDouSwiftTests.swift */ = {isa = PBXFileReference; lastKnownFileType = sourcecode.swift; path = ChuangDouSwiftTests.swift; sourceTree = "<group>"; };
		187588C81BA971AF00706643 /* ChuangDouSwift-Brigding-Header.h .h */ = {isa = PBXFileReference; lastKnownFileType = sourcecode.c.h; path = "ChuangDouSwift-Brigding-Header.h .h"; sourceTree = "<group>"; };
		1877AD491C0BE71700A810B8 /* BaseViewController.swift */ = {isa = PBXFileReference; fileEncoding = 4; lastKnownFileType = sourcecode.swift; path = BaseViewController.swift; sourceTree = "<group>"; };
		1877AD4D1C0BEDB100A810B8 /* LoginViewController.swift */ = {isa = PBXFileReference; fileEncoding = 4; lastKnownFileType = sourcecode.swift; path = LoginViewController.swift; sourceTree = "<group>"; };
		18BF1B411B85DB7D00898C3E /* SDWebImage.xcodeproj */ = {isa = PBXFileReference; lastKnownFileType = "wrapper.pb-project"; name = SDWebImage.xcodeproj; path = Frame/SDWebImage/SDWebImage.xcodeproj; sourceTree = "<group>"; };
		5B8E52C66603156FF7490611 /* Pods.release.xcconfig */ = {isa = PBXFileReference; includeInIndex = 1; lastKnownFileType = text.xcconfig; name = Pods.release.xcconfig; path = "Pods/Target Support Files/Pods/Pods.release.xcconfig"; sourceTree = "<group>"; };
		61713B488CCACB42780AA7FE /* Pods.debug.xcconfig */ = {isa = PBXFileReference; includeInIndex = 1; lastKnownFileType = text.xcconfig; name = Pods.debug.xcconfig; path = "Pods/Target Support Files/Pods/Pods.debug.xcconfig"; sourceTree = "<group>"; };
		D3B97139BB79B16B170E4A2B /* libPods.a */ = {isa = PBXFileReference; explicitFileType = archive.ar; includeInIndex = 0; path = libPods.a; sourceTree = BUILT_PRODUCTS_DIR; };
/* End PBXFileReference section */

/* Begin PBXFrameworksBuildPhase section */
		186B5AFC1B8312720010088A /* Frameworks */ = {
			isa = PBXFrameworksBuildPhase;
			buildActionMask = 2147483647;
			files = (
				1858E4B11B85893A0099DDFE /* ImageIO.framework in Frameworks */,
				FE47EF96BBF6EC63A9DA993D /* libPods.a in Frameworks */,
			);
			runOnlyForDeploymentPostprocessing = 0;
		};
		186B5B111B8312720010088A /* Frameworks */ = {
			isa = PBXFrameworksBuildPhase;
			buildActionMask = 2147483647;
			files = (
			);
			runOnlyForDeploymentPostprocessing = 0;
		};
/* End PBXFrameworksBuildPhase section */

/* Begin PBXGroup section */
		186B5AF61B8312720010088A = {
			isa = PBXGroup;
			children = (
				1858E4B01B85893A0099DDFE /* ImageIO.framework */,
				18BF1B411B85DB7D00898C3E /* SDWebImage.xcodeproj */,
				186B5B011B8312720010088A /* ChuangDouSwift */,
				186B5B171B8312720010088A /* ChuangDouSwiftTests */,
				186B5B001B8312720010088A /* Products */,
				CAAD627A9790CAD4C25AC320 /* Pods */,
				2630E2E6D8BB1E2B9F20BA27 /* Frameworks */,
			);
			sourceTree = "<group>";
		};
		186B5B001B8312720010088A /* Products */ = {
			isa = PBXGroup;
			children = (
				186B5AFF1B8312720010088A /* ChuangDouSwift.app */,
				186B5B141B8312720010088A /* ChuangDouSwiftTests.xctest */,
			);
			name = Products;
			sourceTree = "<group>";
		};
		186B5B011B8312720010088A /* ChuangDouSwift */ = {
			isa = PBXGroup;
			children = (
				187588C81BA971AF00706643 /* ChuangDouSwift-Brigding-Header.h .h */,
				186B5B041B8312720010088A /* AppDelegate.swift */,
				1877AD261C0BE66C00A810B8 /* Base */,
				1877AD2A1C0BE66C00A810B8 /* Class */,
				1877AD471C0BE66C00A810B8 /* Third */,
				1877AD481C0BE66C00A810B8 /* Tools */,
				186B5B0B1B8312720010088A /* Images.xcassets */,
				186B5B0D1B8312720010088A /* LaunchScreen.xib */,
				186B5B021B8312720010088A /* Supporting Files */,
			);
			path = ChuangDouSwift;
			sourceTree = "<group>";
		};
		186B5B021B8312720010088A /* Supporting Files */ = {
			isa = PBXGroup;
			children = (
				186B5B031B8312720010088A /* Info.plist */,
			);
			name = "Supporting Files";
			sourceTree = "<group>";
		};
		186B5B171B8312720010088A /* ChuangDouSwiftTests */ = {
			isa = PBXGroup;
			children = (
				186B5B1A1B8312720010088A /* ChuangDouSwiftTests.swift */,
				186B5B181B8312720010088A /* Supporting Files */,
			);
			path = ChuangDouSwiftTests;
			sourceTree = "<group>";
		};
		186B5B181B8312720010088A /* Supporting Files */ = {
			isa = PBXGroup;
			children = (
				186B5B191B8312720010088A /* Info.plist */,
			);
			name = "Supporting Files";
			sourceTree = "<group>";
		};
		1877AD261C0BE66C00A810B8 /* Base */ = {
			isa = PBXGroup;
			children = (
				1877AD271C0BE66C00A810B8 /* Controller */,
				1877AD281C0BE66C00A810B8 /* Model */,
				1877AD291C0BE66C00A810B8 /* View */,
			);
			path = Base;
			sourceTree = "<group>";
		};
		1877AD271C0BE66C00A810B8 /* Controller */ = {
			isa = PBXGroup;
			children = (
				1877AD491C0BE71700A810B8 /* BaseViewController.swift */,
			);
			path = Controller;
			sourceTree = "<group>";
		};
		1877AD281C0BE66C00A810B8 /* Model */ = {
			isa = PBXGroup;
			children = (
			);
			path = Model;
			sourceTree = "<group>";
		};
		1877AD291C0BE66C00A810B8 /* View */ = {
			isa = PBXGroup;
			children = (
			);
			path = View;
			sourceTree = "<group>";
		};
		1877AD2A1C0BE66C00A810B8 /* Class */ = {
			isa = PBXGroup;
			children = (
				186B5B081B8312720010088A /* Main.storyboard */,
				1877AD2B1C0BE66C00A810B8 /* Chipsing */,
				1877AD2F1C0BE66C00A810B8 /* Crowing */,
				1877AD331C0BE66C00A810B8 /* Lauching */,
				1877AD371C0BE66C00A810B8 /* Login */,
				1877AD3B1C0BE66C00A810B8 /* Myself */,
				1877AD3F1C0BE66C00A810B8 /* Searh */,
				1877AD431C0BE66C00A810B8 /* Video */,
			);
			path = Class;
			sourceTree = "<group>";
		};
		1877AD2B1C0BE66C00A810B8 /* Chipsing */ = {
			isa = PBXGroup;
			children = (
				1877AD2C1C0BE66C00A810B8 /* Controller */,
				1877AD2D1C0BE66C00A810B8 /* Model */,
				1877AD2E1C0BE66C00A810B8 /* View */,
			);
			path = Chipsing;
			sourceTree = "<group>";
		};
		1877AD2C1C0BE66C00A810B8 /* Controller */ = {
			isa = PBXGroup;
			children = (
			);
			path = Controller;
			sourceTree = "<group>";
		};
		1877AD2D1C0BE66C00A810B8 /* Model */ = {
			isa = PBXGroup;
			children = (
			);
			path = Model;
			sourceTree = "<group>";
		};
		1877AD2E1C0BE66C00A810B8 /* View */ = {
			isa = PBXGroup;
			children = (
			);
			path = View;
			sourceTree = "<group>";
		};
		1877AD2F1C0BE66C00A810B8 /* Crowing */ = {
			isa = PBXGroup;
			children = (
				1877AD301C0BE66C00A810B8 /* Controller */,
				1877AD311C0BE66C00A810B8 /* Model */,
				1877AD321C0BE66C00A810B8 /* View */,
			);
			path = Crowing;
			sourceTree = "<group>";
		};
		1877AD301C0BE66C00A810B8 /* Controller */ = {
			isa = PBXGroup;
			children = (
			);
			path = Controller;
			sourceTree = "<group>";
		};
		1877AD311C0BE66C00A810B8 /* Model */ = {
			isa = PBXGroup;
			children = (
			);
			path = Model;
			sourceTree = "<group>";
		};
		1877AD321C0BE66C00A810B8 /* View */ = {
			isa = PBXGroup;
			children = (
			);
			path = View;
			sourceTree = "<group>";
		};
		1877AD331C0BE66C00A810B8 /* Lauching */ = {
			isa = PBXGroup;
			children = (
				1877AD341C0BE66C00A810B8 /* Controller */,
				1877AD351C0BE66C00A810B8 /* Model */,
				1877AD361C0BE66C00A810B8 /* View */,
			);
			path = Lauching;
			sourceTree = "<group>";
		};
		1877AD341C0BE66C00A810B8 /* Controller */ = {
			isa = PBXGroup;
			children = (
			);
			path = Controller;
			sourceTree = "<group>";
		};
		1877AD351C0BE66C00A810B8 /* Model */ = {
			isa = PBXGroup;
			children = (
			);
			path = Model;
			sourceTree = "<group>";
		};
		1877AD361C0BE66C00A810B8 /* View */ = {
			isa = PBXGroup;
			children = (
			);
			path = View;
			sourceTree = "<group>";
		};
		1877AD371C0BE66C00A810B8 /* Login */ = {
			isa = PBXGroup;
			children = (
				1877AD381C0BE66C00A810B8 /* Controller */,
				1877AD391C0BE66C00A810B8 /* Model */,
				1877AD3A1C0BE66C00A810B8 /* View */,
			);
			path = Login;
			sourceTree = "<group>";
		};
		1877AD381C0BE66C00A810B8 /* Controller */ = {
			isa = PBXGroup;
			children = (
				1877AD4D1C0BEDB100A810B8 /* LoginViewController.swift */,
			);
			path = Controller;
			sourceTree = "<group>";
		};
		1877AD391C0BE66C00A810B8 /* Model */ = {
			isa = PBXGroup;
			children = (
			);
			path = Model;
			sourceTree = "<group>";
		};
		1877AD3A1C0BE66C00A810B8 /* View */ = {
			isa = PBXGroup;
			children = (
			);
			path = View;
			sourceTree = "<group>";
		};
		1877AD3B1C0BE66C00A810B8 /* Myself */ = {
			isa = PBXGroup;
			children = (
				1877AD3C1C0BE66C00A810B8 /* Controller */,
				1877AD3D1C0BE66C00A810B8 /* Model */,
				1877AD3E1C0BE66C00A810B8 /* View */,
			);
			path = Myself;
			sourceTree = "<group>";
		};
		1877AD3C1C0BE66C00A810B8 /* Controller */ = {
			isa = PBXGroup;
			children = (
			);
			path = Controller;
			sourceTree = "<group>";
		};
		1877AD3D1C0BE66C00A810B8 /* Model */ = {
			isa = PBXGroup;
			children = (
			);
			path = Model;
			sourceTree = "<group>";
		};
		1877AD3E1C0BE66C00A810B8 /* View */ = {
			isa = PBXGroup;
			children = (
			);
			path = View;
			sourceTree = "<group>";
		};
		1877AD3F1C0BE66C00A810B8 /* Searh */ = {
			isa = PBXGroup;
			children = (
				1877AD401C0BE66C00A810B8 /* Controller */,
				1877AD411C0BE66C00A810B8 /* Model */,
				1877AD421C0BE66C00A810B8 /* View */,
			);
			path = Searh;
			sourceTree = "<group>";
		};
		1877AD401C0BE66C00A810B8 /* Controller */ = {
			isa = PBXGroup;
			children = (
			);
			path = Controller;
			sourceTree = "<group>";
		};
		1877AD411C0BE66C00A810B8 /* Model */ = {
			isa = PBXGroup;
			children = (
			);
			path = Model;
			sourceTree = "<group>";
		};
		1877AD421C0BE66C00A810B8 /* View */ = {
			isa = PBXGroup;
			children = (
			);
			path = View;
			sourceTree = "<group>";
		};
		1877AD431C0BE66C00A810B8 /* Video */ = {
			isa = PBXGroup;
			children = (
				1877AD441C0BE66C00A810B8 /* Controller */,
				1877AD451C0BE66C00A810B8 /* Model */,
				1877AD461C0BE66C00A810B8 /* View */,
			);
			path = Video;
			sourceTree = "<group>";
		};
		1877AD441C0BE66C00A810B8 /* Controller */ = {
			isa = PBXGroup;
			children = (
			);
			path = Controller;
			sourceTree = "<group>";
		};
		1877AD451C0BE66C00A810B8 /* Model */ = {
			isa = PBXGroup;
			children = (
			);
			path = Model;
			sourceTree = "<group>";
		};
		1877AD461C0BE66C00A810B8 /* View */ = {
			isa = PBXGroup;
			children = (
			);
			path = View;
			sourceTree = "<group>";
		};
		1877AD471C0BE66C00A810B8 /* Third */ = {
			isa = PBXGroup;
			children = (
			);
			path = Third;
			sourceTree = "<group>";
		};
		1877AD481C0BE66C00A810B8 /* Tools */ = {
			isa = PBXGroup;
			children = (
			);
			path = Tools;
			sourceTree = "<group>";
		};
		18BF1B421B85DB7D00898C3E /* Products */ = {
			isa = PBXGroup;
			children = (
				18BF1B4A1B85DB7D00898C3E /* libSDWebImage.a */,
				18BF1B4C1B85DB7D00898C3E /* libSDWebImage+WebP.a */,
				18BF1B4E1B85DB7D00898C3E /* libSDWebImage+MKAnnotation.a */,
				18BF1B501B85DB7D00898C3E /* WebImage.framework */,
			);
			name = Products;
			sourceTree = "<group>";
		};
		2630E2E6D8BB1E2B9F20BA27 /* Frameworks */ = {
			isa = PBXGroup;
			children = (
				D3B97139BB79B16B170E4A2B /* libPods.a */,
			);
			name = Frameworks;
			sourceTree = "<group>";
		};
		CAAD627A9790CAD4C25AC320 /* Pods */ = {
			isa = PBXGroup;
			children = (
				61713B488CCACB42780AA7FE /* Pods.debug.xcconfig */,
				5B8E52C66603156FF7490611 /* Pods.release.xcconfig */,
			);
			name = Pods;
			sourceTree = "<group>";
		};
/* End PBXGroup section */

/* Begin PBXNativeTarget section */
		186B5AFE1B8312720010088A /* ChuangDouSwift */ = {
			isa = PBXNativeTarget;
			buildConfigurationList = 186B5B1E1B8312720010088A /* Build configuration list for PBXNativeTarget "ChuangDouSwift" */;
			buildPhases = (
				A8F6EAB9AB6A11D7262C04A4 /* Check Pods Manifest.lock */,
				186B5AFB1B8312720010088A /* Sources */,
				186B5AFC1B8312720010088A /* Frameworks */,
				186B5AFD1B8312720010088A /* Resources */,
				186B5B391B8330460010088A /* Embed Frameworks */,
				F5672BD0DEB34B1BACAA9A28 /* Copy Pods Resources */,
			);
			buildRules = (
			);
			dependencies = (
			);
			name = ChuangDouSwift;
			productName = ChuangDouSwift;
			productReference = 186B5AFF1B8312720010088A /* ChuangDouSwift.app */;
			productType = "com.apple.product-type.application";
		};
		186B5B131B8312720010088A /* ChuangDouSwiftTests */ = {
			isa = PBXNativeTarget;
			buildConfigurationList = 186B5B211B8312720010088A /* Build configuration list for PBXNativeTarget "ChuangDouSwiftTests" */;
			buildPhases = (
				186B5B101B8312720010088A /* Sources */,
				186B5B111B8312720010088A /* Frameworks */,
				186B5B121B8312720010088A /* Resources */,
			);
			buildRules = (
			);
			dependencies = (
				186B5B161B8312720010088A /* PBXTargetDependency */,
			);
			name = ChuangDouSwiftTests;
			productName = ChuangDouSwiftTests;
			productReference = 186B5B141B8312720010088A /* ChuangDouSwiftTests.xctest */;
			productType = "com.apple.product-type.bundle.unit-test";
		};
/* End PBXNativeTarget section */

/* Begin PBXProject section */
		186B5AF71B8312720010088A /* Project object */ = {
			isa = PBXProject;
			attributes = {
				LastSwiftUpdateCheck = 0700;
				LastUpgradeCheck = 0630;
				ORGANIZATIONNAME = com.saikuTest;
				TargetAttributes = {
					186B5AFE1B8312720010088A = {
						CreatedOnToolsVersion = 6.3.2;
					};
					186B5B131B8312720010088A = {
						CreatedOnToolsVersion = 6.3.2;
						TestTargetID = 186B5AFE1B8312720010088A;
					};
				};
			};
			buildConfigurationList = 186B5AFA1B8312720010088A /* Build configuration list for PBXProject "ChuangDouSwift" */;
			compatibilityVersion = "Xcode 3.2";
			developmentRegion = English;
			hasScannedForEncodings = 0;
			knownRegions = (
				en,
				Base,
			);
			mainGroup = 186B5AF61B8312720010088A;
			productRefGroup = 186B5B001B8312720010088A /* Products */;
			projectDirPath = "";
			projectReferences = (
				{
					ProductGroup = 18BF1B421B85DB7D00898C3E /* Products */;
					ProjectRef = 18BF1B411B85DB7D00898C3E /* SDWebImage.xcodeproj */;
				},
			);
			projectRoot = "";
			targets = (
				186B5AFE1B8312720010088A /* ChuangDouSwift */,
				186B5B131B8312720010088A /* ChuangDouSwiftTests */,
			);
		};
/* End PBXProject section */

/* Begin PBXReferenceProxy section */
		18BF1B4A1B85DB7D00898C3E /* libSDWebImage.a */ = {
			isa = PBXReferenceProxy;
			fileType = archive.ar;
			path = libSDWebImage.a;
			remoteRef = 18BF1B491B85DB7D00898C3E /* PBXContainerItemProxy */;
			sourceTree = BUILT_PRODUCTS_DIR;
		};
		18BF1B4C1B85DB7D00898C3E /* libSDWebImage+WebP.a */ = {
			isa = PBXReferenceProxy;
			fileType = archive.ar;
			path = "libSDWebImage+WebP.a";
			remoteRef = 18BF1B4B1B85DB7D00898C3E /* PBXContainerItemProxy */;
			sourceTree = BUILT_PRODUCTS_DIR;
		};
		18BF1B4E1B85DB7D00898C3E /* libSDWebImage+MKAnnotation.a */ = {
			isa = PBXReferenceProxy;
			fileType = archive.ar;
			path = "libSDWebImage+MKAnnotation.a";
			remoteRef = 18BF1B4D1B85DB7D00898C3E /* PBXContainerItemProxy */;
			sourceTree = BUILT_PRODUCTS_DIR;
		};
		18BF1B501B85DB7D00898C3E /* WebImage.framework */ = {
			isa = PBXReferenceProxy;
			fileType = wrapper.framework;
			path = WebImage.framework;
			remoteRef = 18BF1B4F1B85DB7D00898C3E /* PBXContainerItemProxy */;
			sourceTree = BUILT_PRODUCTS_DIR;
		};
/* End PBXReferenceProxy section */

/* Begin PBXResourcesBuildPhase section */
		186B5AFD1B8312720010088A /* Resources */ = {
			isa = PBXResourcesBuildPhase;
			buildActionMask = 2147483647;
			files = (
				186B5B0A1B8312720010088A /* Main.storyboard in Resources */,
				186B5B0F1B8312720010088A /* LaunchScreen.xib in Resources */,
				186B5B0C1B8312720010088A /* Images.xcassets in Resources */,
			);
			runOnlyForDeploymentPostprocessing = 0;
		};
		186B5B121B8312720010088A /* Resources */ = {
			isa = PBXResourcesBuildPhase;
			buildActionMask = 2147483647;
			files = (
			);
			runOnlyForDeploymentPostprocessing = 0;
		};
/* End PBXResourcesBuildPhase section */

/* Begin PBXShellScriptBuildPhase section */
		A8F6EAB9AB6A11D7262C04A4 /* Check Pods Manifest.lock */ = {
			isa = PBXShellScriptBuildPhase;
			buildActionMask = 2147483647;
			files = (
			);
			inputPaths = (
			);
			name = "Check Pods Manifest.lock";
			outputPaths = (
			);
			runOnlyForDeploymentPostprocessing = 0;
			shellPath = /bin/sh;
			shellScript = "diff \"${PODS_ROOT}/../Podfile.lock\" \"${PODS_ROOT}/Manifest.lock\" > /dev/null\nif [[ $? != 0 ]] ; then\n    cat << EOM\nerror: The sandbox is not in sync with the Podfile.lock. Run 'pod install' or update your CocoaPods installation.\nEOM\n    exit 1\nfi\n";
			showEnvVarsInLog = 0;
		};
		F5672BD0DEB34B1BACAA9A28 /* Copy Pods Resources */ = {
			isa = PBXShellScriptBuildPhase;
			buildActionMask = 2147483647;
			files = (
			);
			inputPaths = (
			);
			name = "Copy Pods Resources";
			outputPaths = (
			);
			runOnlyForDeploymentPostprocessing = 0;
			shellPath = /bin/sh;
			shellScript = "\"${SRCROOT}/Pods/Target Support Files/Pods/Pods-resources.sh\"\n";
			showEnvVarsInLog = 0;
		};
/* End PBXShellScriptBuildPhase section */

/* Begin PBXSourcesBuildPhase section */
		186B5AFB1B8312720010088A /* Sources */ = {
			isa = PBXSourcesBuildPhase;
			buildActionMask = 2147483647;
			files = (
				1877AD4E1C0BEDB100A810B8 /* LoginViewController.swift in Sources */,
				186B5B051B8312720010088A /* AppDelegate.swift in Sources */,
				1877AD4A1C0BE71700A810B8 /* BaseViewController.swift in Sources */,
			);
			runOnlyForDeploymentPostprocessing = 0;
		};
		186B5B101B8312720010088A /* Sources */ = {
			isa = PBXSourcesBuildPhase;
			buildActionMask = 2147483647;
			files = (
				186B5B1B1B8312720010088A /* ChuangDouSwiftTests.swift in Sources */,
			);
			runOnlyForDeploymentPostprocessing = 0;
		};
/* End PBXSourcesBuildPhase section */

/* Begin PBXTargetDependency section */
		186B5B161B8312720010088A /* PBXTargetDependency */ = {
			isa = PBXTargetDependency;
			target = 186B5AFE1B8312720010088A /* ChuangDouSwift */;
			targetProxy = 186B5B151B8312720010088A /* PBXContainerItemProxy */;
		};
/* End PBXTargetDependency section */

/* Begin PBXVariantGroup section */
		186B5B081B8312720010088A /* Main.storyboard */ = {
			isa = PBXVariantGroup;
			children = (
				186B5B091B8312720010088A /* Base */,
			);
			name = Main.storyboard;
			path = ..;
			sourceTree = "<group>";
		};
		186B5B0D1B8312720010088A /* LaunchScreen.xib */ = {
			isa = PBXVariantGroup;
			children = (
				186B5B0E1B8312720010088A /* Base */,
			);
			name = LaunchScreen.xib;
			sourceTree = "<group>";
		};
/* End PBXVariantGroup section */

/* Begin XCBuildConfiguration section */
		186B5B1C1B8312720010088A /* Debug */ = {
			isa = XCBuildConfiguration;
			buildSettings = {
				ALWAYS_SEARCH_USER_PATHS = NO;
				CLANG_CXX_LANGUAGE_STANDARD = "gnu++0x";
				CLANG_CXX_LIBRARY = "libc++";
				CLANG_ENABLE_MODULES = YES;
				CLANG_ENABLE_OBJC_ARC = YES;
				CLANG_WARN_BOOL_CONVERSION = YES;
				CLANG_WARN_CONSTANT_CONVERSION = YES;
				CLANG_WARN_DIRECT_OBJC_ISA_USAGE = YES_ERROR;
				CLANG_WARN_EMPTY_BODY = YES;
				CLANG_WARN_ENUM_CONVERSION = YES;
				CLANG_WARN_INT_CONVERSION = YES;
				CLANG_WARN_OBJC_ROOT_CLASS = YES_ERROR;
				CLANG_WARN_UNREACHABLE_CODE = YES;
				CLANG_WARN__DUPLICATE_METHOD_MATCH = YES;
				"CODE_SIGN_IDENTITY[sdk=iphoneos*]" = "iPhone Developer";
				COPY_PHASE_STRIP = NO;
				DEBUG_INFORMATION_FORMAT = "dwarf-with-dsym";
				ENABLE_STRICT_OBJC_MSGSEND = YES;
				GCC_C_LANGUAGE_STANDARD = gnu99;
				GCC_DYNAMIC_NO_PIC = NO;
				GCC_NO_COMMON_BLOCKS = YES;
				GCC_OPTIMIZATION_LEVEL = 0;
				GCC_PREPROCESSOR_DEFINITIONS = (
					"DEBUG=1",
					"$(inherited)",
				);
				GCC_SYMBOLS_PRIVATE_EXTERN = NO;
				GCC_WARN_64_TO_32_BIT_CONVERSION = YES;
				GCC_WARN_ABOUT_RETURN_TYPE = YES_ERROR;
				GCC_WARN_UNDECLARED_SELECTOR = YES;
				GCC_WARN_UNINITIALIZED_AUTOS = YES_AGGRESSIVE;
				GCC_WARN_UNUSED_FUNCTION = YES;
				GCC_WARN_UNUSED_VARIABLE = YES;
				IPHONEOS_DEPLOYMENT_TARGET = 8.3;
				MTL_ENABLE_DEBUG_INFO = YES;
				ONLY_ACTIVE_ARCH = YES;
				SDKROOT = iphoneos;
				SWIFT_OPTIMIZATION_LEVEL = "-Onone";
				TARGETED_DEVICE_FAMILY = "1,2";
			};
			name = Debug;
		};
		186B5B1D1B8312720010088A /* Release */ = {
			isa = XCBuildConfiguration;
			buildSettings = {
				ALWAYS_SEARCH_USER_PATHS = NO;
				CLANG_CXX_LANGUAGE_STANDARD = "gnu++0x";
				CLANG_CXX_LIBRARY = "libc++";
				CLANG_ENABLE_MODULES = YES;
				CLANG_ENABLE_OBJC_ARC = YES;
				CLANG_WARN_BOOL_CONVERSION = YES;
				CLANG_WARN_CONSTANT_CONVERSION = YES;
				CLANG_WARN_DIRECT_OBJC_ISA_USAGE = YES_ERROR;
				CLANG_WARN_EMPTY_BODY = YES;
				CLANG_WARN_ENUM_CONVERSION = YES;
				CLANG_WARN_INT_CONVERSION = YES;
				CLANG_WARN_OBJC_ROOT_CLASS = YES_ERROR;
				CLANG_WARN_UNREACHABLE_CODE = YES;
				CLANG_WARN__DUPLICATE_METHOD_MATCH = YES;
				"CODE_SIGN_IDENTITY[sdk=iphoneos*]" = "iPhone Developer";
				COPY_PHASE_STRIP = NO;
				DEBUG_INFORMATION_FORMAT = "dwarf-with-dsym";
				ENABLE_NS_ASSERTIONS = NO;
				ENABLE_STRICT_OBJC_MSGSEND = YES;
				GCC_C_LANGUAGE_STANDARD = gnu99;
				GCC_NO_COMMON_BLOCKS = YES;
				GCC_WARN_64_TO_32_BIT_CONVERSION = YES;
				GCC_WARN_ABOUT_RETURN_TYPE = YES_ERROR;
				GCC_WARN_UNDECLARED_SELECTOR = YES;
				GCC_WARN_UNINITIALIZED_AUTOS = YES_AGGRESSIVE;
				GCC_WARN_UNUSED_FUNCTION = YES;
				GCC_WARN_UNUSED_VARIABLE = YES;
				IPHONEOS_DEPLOYMENT_TARGET = 8.3;
				MTL_ENABLE_DEBUG_INFO = NO;
				SDKROOT = iphoneos;
				TARGETED_DEVICE_FAMILY = "1,2";
				VALIDATE_PRODUCT = YES;
			};
			name = Release;
		};
		186B5B1F1B8312720010088A /* Debug */ = {
			isa = XCBuildConfiguration;
			baseConfigurationReference = 61713B488CCACB42780AA7FE /* Pods.debug.xcconfig */;
			buildSettings = {
				ASSETCATALOG_COMPILER_APPICON_NAME = AppIcon;
				INFOPLIST_FILE = ChuangDouSwift/Info.plist;
				LD_RUNPATH_SEARCH_PATHS = "$(inherited) @executable_path/Frameworks";
				OTHER_LDFLAGS = "-ObjC";
				PRODUCT_NAME = "$(TARGET_NAME)";
				SWIFT_OBJC_BRIDGING_HEADER = "./ChuangDouSwift/ChuangDouSwift-Brigding-Header.h .h";
			};
			name = Debug;
		};
		186B5B201B8312720010088A /* Release */ = {
			isa = XCBuildConfiguration;
			baseConfigurationReference = 5B8E52C66603156FF7490611 /* Pods.release.xcconfig */;
			buildSettings = {
				ASSETCATALOG_COMPILER_APPICON_NAME = AppIcon;
				INFOPLIST_FILE = ChuangDouSwift/Info.plist;
				LD_RUNPATH_SEARCH_PATHS = "$(inherited) @executable_path/Frameworks";
				OTHER_LDFLAGS = "-ObjC";
				PRODUCT_NAME = "$(TARGET_NAME)";
				SWIFT_OBJC_BRIDGING_HEADER = "./ChuangDouSwift/ChuangDouSwift-Brigding-Header.h .h";
			};
			name = Release;
		};
		186B5B221B8312720010088A /* Debug */ = {
			isa = XCBuildConfiguration;
			buildSettings = {
				BUNDLE_LOADER = "$(TEST_HOST)";
				FRAMEWORK_SEARCH_PATHS = (
					"$(SDKROOT)/Developer/Library/Frameworks",
					"$(inherited)",
				);
				GCC_PREPROCESSOR_DEFINITIONS = (
					"DEBUG=1",
					"$(inherited)",
				);
				INFOPLIST_FILE = ChuangDouSwiftTests/Info.plist;
				LD_RUNPATH_SEARCH_PATHS = "$(inherited) @executable_path/Frameworks @loader_path/Frameworks";
				PRODUCT_NAME = "$(TARGET_NAME)";
				TEST_HOST = "$(BUILT_PRODUCTS_DIR)/ChuangDouSwift.app/ChuangDouSwift";
			};
			name = Debug;
		};
		186B5B231B8312720010088A /* Release */ = {
			isa = XCBuildConfiguration;
			buildSettings = {
				BUNDLE_LOADER = "$(TEST_HOST)";
				FRAMEWORK_SEARCH_PATHS = (
					"$(SDKROOT)/Developer/Library/Frameworks",
					"$(inherited)",
				);
				INFOPLIST_FILE = ChuangDouSwiftTests/Info.plist;
				LD_RUNPATH_SEARCH_PATHS = "$(inherited) @executable_path/Frameworks @loader_path/Frameworks";
				PRODUCT_NAME = "$(TARGET_NAME)";
				TEST_HOST = "$(BUILT_PRODUCTS_DIR)/ChuangDouSwift.app/ChuangDouSwift";
			};
			name = Release;
		};
/* End XCBuildConfiguration section */

/* Begin XCConfigurationList section */
		186B5AFA1B8312720010088A /* Build configuration list for PBXProject "ChuangDouSwift" */ = {
			isa = XCConfigurationList;
			buildConfigurations = (
				186B5B1C1B8312720010088A /* Debug */,
				186B5B1D1B8312720010088A /* Release */,
			);
			defaultConfigurationIsVisible = 0;
			defaultConfigurationName = Release;
		};
		186B5B1E1B8312720010088A /* Build configuration list for PBXNativeTarget "ChuangDouSwift" */ = {
			isa = XCConfigurationList;
			buildConfigurations = (
				186B5B1F1B8312720010088A /* Debug */,
				186B5B201B8312720010088A /* Release */,
			);
			defaultConfigurationIsVisible = 0;
			defaultConfigurationName = Release;
		};
		186B5B211B8312720010088A /* Build configuration list for PBXNativeTarget "ChuangDouSwiftTests" */ = {
			isa = XCConfigurationList;
			buildConfigurations = (
				186B5B221B8312720010088A /* Debug */,
				186B5B231B8312720010088A /* Release */,
			);
			defaultConfigurationIsVisible = 0;
			defaultConfigurationName = Release;
		};
/* End XCConfigurationList section */
	};
	rootObject = 186B5AF71B8312720010088A /* Project object */;
}
